{
  "name": "@dwlib/primordials",
  "version": "1.0.2",
  "lockfileVersion": 2,
  "requires": true,
  "packages": {
    "": {
      "name": "@dwlib/primordials",
      "version": "1.0.2",
      "license": "MIT",
      "dependencies": {
        "@dwlib/intrinsics": "^1.0.2"
      }
    },
    "node_modules/@dwlib/global": {
      "version": "1.0.0",
      "resolved": "https://registry.npmjs.org/@dwlib/global/-/global-1.0.0.tgz",
      "integrity": "sha512-cZHy9aiGqXEn8IdR3QxIY55+4pn3qH7x1wpr+IVQKY2Sjhhzq00UZM/I4FM1xZ6cm/Nt0XXRkrpUEayRygdoCQ=="
    },
    "node_modules/@dwlib/intrinsics": {
      "version": "1.0.2",
      "resolved": "https://registry.npmjs.org/@dwlib/intrinsics/-/intrinsics-1.0.2.tgz",
      "integrity": "sha512-v0GeS7JMatnqF08wY7Lsswj9kxlc/QxKbiPP+tLl34tYoN74s5IhbD8HcNc7RNcFsFDcfPjNk1uDvOXd7HGU9Q==",
      "dependencies": {
        "@dwlib/global": "^1.0.0"
      }
    }
  },
  "dependencies": {
    "@dwlib/global": {
      "version": "1.0.0",
      "resolved": "https://registry.npmjs.org/@dwlib/global/-/global-1.0.0.tgz",
      "integrity": "sha512-cZHy9aiGqXEn8IdR3QxIY55+4pn3qH7x1wpr+IVQKY2Sjhhzq00UZM/I4FM1xZ6cm/Nt0XXRkrpUEayRygdoCQ=="
    },
    "@dwlib/intrinsics": {
      "version": "1.0.2",
      "resolved": "https://registry.npmjs.org/@dwlib/intrinsics/-/intrinsics-1.0.2.tgz",
      "integrity": "sha512-v0GeS7JMatnqF08wY7Lsswj9kxlc/QxKbiPP+tLl34tYoN74s5IhbD8HcNc7RNcFsFDcfPjNk1uDvOXd7HGU9Q==",
      "requires": {
        "@dwlib/global": "^1.0.0"
      }
    }
  }
}
